
Microsoft Visual Studio Solution File, Format Version 12.00
# Visual Studio Version 17
VisualStudioVersion = 17.3.32811.315
MinimumVisualStudioVersion = 10.0.40219.1
Project("{8BC9CEB8-8B4A-11D0-8D11-00A0C91BC942}") = "Practice1", "Practice1\Practice1.vcxproj", "{0A9C2160-D87C-4402-B030-EF929B8CC7B6}"
EndProject
Global
	GlobalSection(SolutionConfigurationPlatforms) = preSolution
		Debug|x64 = Debug|x64
		Debug|x86 = Debug|x86
		Release|x64 = Release|x64
		Release|x86 = Release|x86
	EndGlobalSection
	GlobalSection(ProjectConfigurationPlatforms) = postSolution
		{0A9C2160-D87C-4402-B030-EF929B8CC7B6}.Debug|x64.ActiveCfg = Debug|x64
		{0A9C2160-D87C-4402-B030-EF929B8CC7B6}.Debug|x64.Build.0 = Debug|x64
		{0A9C2160-D87C-4402-B030-EF929B8CC7B6}.Debug|x86.ActiveCfg = Debug|Win32
		{0A9C2160-D87C-4402-B030-EF929B8CC7B6}.Debug|x86.Build.0 = Debug|Win32
		{0A9C2160-D87C-4402-B030-EF929B8CC7B6}.Release|x64.ActiveCfg = Release|x64
		{0A9C2160-D87C-4402-B030-EF929B8CC7B6}.Release|x64.Build.0 = Release|x64
		{0A9C2160-D87C-4402-B030-EF929B8CC7B6}.Release|x86.ActiveCfg = Release|Win32
		{0A9C2160-D87C-4402-B030-EF929B8CC7B6}.Release|x86.Build.0 = Release|Win32
	EndGlobalSection
	GlobalSection(SolutionProperties) = preSolution
		HideSolutionNode = FALSE
	EndGlobalSection
	GlobalSection(ExtensibilityGlobals) = postSolution
		SolutionGuid = {771CA303-B32A-4A53-879F-B9F9A79F6F59}
	EndGlobalSection
EndGlobal
